{
  "name": "personal-website",
  "version": "1.0.0",
  "lockfileVersion": 2,
  "requires": true,
  "packages": {
    "": {
      "name": "personal-website",
      "version": "1.0.0",
      "hasInstallScript": true,
      "license": "ISC",
      "dependencies": {
        "bulb": "file:bulb"
      }
    },
    "bulb": {
      "version": "1.0.0",
      "license": "ISC"
    },
    "node_modules/bulb": {
      "resolved": "bulb",
      "link": true
    }
  },
  "dependencies": {
    "bulb": {
      "version": "file:bulb"
    }
  }
}
